
Microsoft Visual Studio Solution File, Format Version 12.00
# Visual Studio 15
VisualStudioVersion = 15.0.25928.0
MinimumVisualStudioVersion = 10.0.40219.1
Project("{FAE04EC0-301F-11D3-BF4B-00C04F79EFBC}") = "BackEndInfoglobo.Model", "BackEndInfoglobo.Model\BackEndInfoglobo.Model.csproj", "{D97299C0-16ED-4FFE-B87C-E15B9D109A45}"
EndProject
Project("{FAE04EC0-301F-11D3-BF4B-00C04F79EFBC}") = "BackEndInfoglobo.Tests", "BackEndInfoglobo.Tests\BackEndInfoglobo.Tests.csproj", "{CA269DAC-4FED-4110-BD1C-D5DC14318259}"
EndProject
Project("{FAE04EC0-301F-11D3-BF4B-00C04F79EFBC}") = "BackEndInfoglobo.Controller", "BackEndInfoglobo.Controller\BackEndInfoglobo.Controller.csproj", "{E3F17332-2D31-4472-9AB7-A3AC1179D877}"
EndProject
Project("{FAE04EC0-301F-11D3-BF4B-00C04F79EFBC}") = "BackEndInfoglobo.Service", "BackEndInfoglobo.Service\BackEndInfoglobo.Service.csproj", "{24C93776-B6C6-468D-9D12-46BF1F2A565C}"
EndProject
Global
	GlobalSection(SolutionConfigurationPlatforms) = preSolution
		Debug|Any CPU = Debug|Any CPU
		Release|Any CPU = Release|Any CPU
	EndGlobalSection
	GlobalSection(ProjectConfigurationPlatforms) = postSolution
		{D97299C0-16ED-4FFE-B87C-E15B9D109A45}.Debug|Any CPU.ActiveCfg = Debug|Any CPU
		{D97299C0-16ED-4FFE-B87C-E15B9D109A45}.Debug|Any CPU.Build.0 = Debug|Any CPU
		{D97299C0-16ED-4FFE-B87C-E15B9D109A45}.Release|Any CPU.ActiveCfg = Release|Any CPU
		{D97299C0-16ED-4FFE-B87C-E15B9D109A45}.Release|Any CPU.Build.0 = Release|Any CPU
		{CA269DAC-4FED-4110-BD1C-D5DC14318259}.Debug|Any CPU.ActiveCfg = Debug|Any CPU
		{CA269DAC-4FED-4110-BD1C-D5DC14318259}.Debug|Any CPU.Build.0 = Debug|Any CPU
		{CA269DAC-4FED-4110-BD1C-D5DC14318259}.Release|Any CPU.ActiveCfg = Release|Any CPU
		{CA269DAC-4FED-4110-BD1C-D5DC14318259}.Release|Any CPU.Build.0 = Release|Any CPU
		{E3F17332-2D31-4472-9AB7-A3AC1179D877}.Debug|Any CPU.ActiveCfg = Debug|Any CPU
		{E3F17332-2D31-4472-9AB7-A3AC1179D877}.Debug|Any CPU.Build.0 = Debug|Any CPU
		{E3F17332-2D31-4472-9AB7-A3AC1179D877}.Release|Any CPU.ActiveCfg = Release|Any CPU
		{E3F17332-2D31-4472-9AB7-A3AC1179D877}.Release|Any CPU.Build.0 = Release|Any CPU
		{24C93776-B6C6-468D-9D12-46BF1F2A565C}.Debug|Any CPU.ActiveCfg = Debug|Any CPU
		{24C93776-B6C6-468D-9D12-46BF1F2A565C}.Debug|Any CPU.Build.0 = Debug|Any CPU
		{24C93776-B6C6-468D-9D12-46BF1F2A565C}.Release|Any CPU.ActiveCfg = Release|Any CPU
		{24C93776-B6C6-468D-9D12-46BF1F2A565C}.Release|Any CPU.Build.0 = Release|Any CPU
	EndGlobalSection
	GlobalSection(SolutionProperties) = preSolution
		HideSolutionNode = FALSE
	EndGlobalSection
EndGlobal
